{
  "version": 4,
  "terraform_version": "0.12.18",
  "serial": 32,
  "lineage": "2c0a189c-345e-135a-1c70-5eb61c55c5bf",
  "outputs": {},
  "resources": [
    {
      "mode": "managed",
      "type": "google_container_cluster",
      "name": "kubernetes",
      "provider": "provider.google",
      "instances": [
        {
          "schema_version": 1,
          "attributes": {
            "additional_zones": [],
            "addons_config": [
              {
                "horizontal_pod_autoscaling": [],
                "http_load_balancing": [],
                "kubernetes_dashboard": [],
                "network_policy_config": [
                  {
                    "disabled": true
                  }
                ]
              }
            ],
            "authenticator_groups_config": [],
            "cluster_autoscaling": [
              {
                "auto_provisioning_defaults": [],
                "enabled": false,
                "resource_limits": []
              }
            ],
            "cluster_ipv4_cidr": "10.36.0.0/14",
            "default_max_pods_per_node": 110,
            "description": "",
            "enable_binary_authorization": false,
            "enable_intranode_visibility": null,
            "enable_kubernetes_alpha": false,
            "enable_legacy_abac": false,
            "enable_tpu": null,
            "endpoint": "35.228.79.19",
            "id": "projects/otus-268421/locations/europe-north1/clusters/otus-k8s-cluster",
            "initial_node_count": 1,
            "instance_group_urls": [],
            "ip_allocation_policy": [],
            "location": "europe-north1",
            "logging_service": "logging.googleapis.com/kubernetes",
            "maintenance_policy": [],
            "master_auth": [
              {
                "client_certificate": "",
                "client_certificate_config": [
                  {
                    "issue_client_certificate": false
                  }
                ],
                "client_key": "",
                "cluster_ca_certificate": "LS0tLS1CRUdJTiBDRVJUSUZJQ0FURS0tLS0tCk1JSURERENDQWZTZ0F3SUJBZ0lSQVBCbXdUVGFQdndHVTlEOEVacU5yekV3RFFZSktvWklodmNOQVFFTEJRQXcKTHpFdE1Dc0dBMVVFQXhNa1kyUTFNR1kxTW1ZdE5XWTFNQzAwWXpOaUxXRTRPVEV0T1dSbVlUSm1NV1kyWmpVeApNQjRYRFRJd01ETXlPVEV3TXpjeU4xb1hEVEkxTURNeU9ERXhNemN5TjFvd0x6RXRNQ3NHQTFVRUF4TWtZMlExCk1HWTFNbVl0TldZMU1DMDBZek5pTFdFNE9URXRPV1JtWVRKbU1XWTJaalV4TUlJQklqQU5CZ2txaGtpRzl3MEIKQVFFRkFBT0NBUThBTUlJQkNnS0NBUUVBcnVmQ00xVlhFeFFtMEh5akZTY0FXcmFYbUMzcFQzMDdscS9rdUhoSQpxcmMxaUozdDBPYWIwZEl2UTdMQzNDbklnSTNUTDE4MzhpOVpVSTRCT3RSZ2ZOQW96L1VRK1JENG9jNmhFTFRVCncwSTdxV0dlRVNqTmhsK3R6ekNrYUdLVWIvdjRKeVBQK0pIeHRGaHNrdmlWWWxLUTI0d1VxeWZ0ajRIZUxUazMKWkJBaE5PNFdUdGkzb3RwQWtXNFlGcHBxN2dQNWRNN1V1aFZUcXBPSHZndVc1bGJCZWNFM2FwckpTNUp1ZngvUAorWldYTzg4NVk3eTYrc0RqV1E1MVNPYi9nQldxM0RyZnAwNVBNTUZ4UGphQ2c4ZXRaVElOQ0F6ZGR0dmhLQTRPCnRDenBZQ21iNWpWRnZKVTB3S05aMHlidGVaK3gxUDY2U3dpbmM3VnJKSGEyclFJREFRQUJveU13SVRBT0JnTlYKSFE4QkFmOEVCQU1DQWdRd0R3WURWUjBUQVFIL0JBVXdBd0VCL3pBTkJna3Foa2lHOXcwQkFRc0ZBQU9DQVFFQQprbTJqeDhGWElUU2J4QnlYSXk3RmwrVnVnVHZDWGNXREk1cjFpRS9VZi9NenlHQk40d3g1d2hreTFGN0hMOWNICmVtR0tCdG0vdC9VWlFMSjJDWnZ4VEEvWWpYeCt3d2VweVZKenpTMDhQSFZ5cHg5b0xxY284L3lNb2dUdWorRUYKaGxpemdua2p2ckxoSmtUTmtNdDdScFNua0IzbTdkMHkxenBPYjNya3Y4eHBHOHFsVEdKTlBWVUlsSUNNMi9mcwpCbkFHakdGRllqbFZWd1VneWE1VFIrY29MTjdWTWh4WDFVcFh4ejYyY202eDBFbEhsT0VmMTRFRWVIbXdHSWhRCjFVRWthZnhpZmU1dmlTT2c4bFRvT01oNElKaFU4T3Zja1B4Ymw0RUFubXJ2UXUxU1duQk5ycnZrbWMxNlkyUFEKb096ZkYvcU01ckV4bjZkbHh0OFVxdz09Ci0tLS0tRU5EIENFUlRJRklDQVRFLS0tLS0K",
                "password": "",
                "username": ""
              }
            ],
            "master_authorized_networks_config": [],
            "master_version": "1.15.9-gke.26",
            "min_master_version": "1.15.9-gke.26",
            "monitoring_service": "monitoring.googleapis.com/kubernetes",
            "name": "otus-k8s-cluster",
            "network": "projects/otus-268421/global/networks/default",
            "network_policy": [
              {
                "enabled": false,
                "provider": "PROVIDER_UNSPECIFIED"
              }
            ],
            "node_config": [],
            "node_locations": [
              "europe-north1-a"
            ],
            "node_pool": [],
            "node_version": "1.15.9-gke.26",
            "operation": null,
            "pod_security_policy_config": null,
            "private_cluster_config": [],
            "project": "otus-268421",
            "region": null,
            "remove_default_node_pool": true,
            "resource_labels": null,
            "services_ipv4_cidr": "10.39.240.0/20",
            "subnetwork": "projects/otus-268421/regions/europe-north1/subnetworks/default",
            "timeouts": null,
            "vertical_pod_autoscaling": [],
            "zone": null
          },
          "private": "eyJlMmJmYjczMC1lY2FhLTExZTYtOGY4OC0zNDM2M2JjN2M0YzAiOnsiY3JlYXRlIjoyNDAwMDAwMDAwMDAwLCJkZWxldGUiOjI0MDAwMDAwMDAwMDAsInVwZGF0ZSI6MzYwMDAwMDAwMDAwMH0sInNjaGVtYV92ZXJzaW9uIjoiMSJ9",
          "dependencies": [
            "google_project_service.kubernetes"
          ]
        }
      ]
    },
    {
      "mode": "managed",
      "type": "google_container_node_pool",
      "name": "primary_preemptible_nodes",
      "provider": "provider.google",
      "instances": [
        {
          "schema_version": 1,
          "attributes": {
            "autoscaling": [],
            "cluster": "otus-k8s-cluster",
            "id": "projects/otus-268421/locations/europe-north1/clusters/otus-k8s-cluster/nodePools/otus-nodes",
            "initial_node_count": 1,
            "instance_group_urls": [
              "https://www.googleapis.com/compute/v1/projects/otus-268421/zones/europe-north1-a/instanceGroupManagers/gke-otus-k8s-cluster-otus-nodes-daac8f1c-grp"
            ],
            "location": "europe-north1",
            "management": [
              {
                "auto_repair": false,
                "auto_upgrade": true
              }
            ],
            "max_pods_per_node": null,
            "name": "otus-nodes",
            "name_prefix": "",
            "node_config": [
              {
                "disk_size_gb": 100,
                "disk_type": "pd-standard",
                "guest_accelerator": [],
                "image_type": "COS",
                "labels": {},
                "local_ssd_count": 0,
                "machine_type": "n1-standard-1",
                "metadata": {
                  "disable-legacy-endpoints": "true"
                },
                "min_cpu_platform": "",
                "oauth_scopes": [
                  "https://www.googleapis.com/auth/logging.write",
                  "https://www.googleapis.com/auth/monitoring"
                ],
                "preemptible": true,
                "sandbox_config": [],
                "service_account": "default",
                "shielded_instance_config": [
                  {
                    "enable_integrity_monitoring": true,
                    "enable_secure_boot": false
                  }
                ],
                "tags": null,
                "taint": [],
                "workload_metadata_config": []
              }
            ],
            "node_count": 1,
            "project": "otus-268421",
            "region": null,
            "timeouts": null,
            "version": "1.15.9-gke.26",
            "zone": null
          },
          "private": "eyJlMmJmYjczMC1lY2FhLTExZTYtOGY4OC0zNDM2M2JjN2M0YzAiOnsiY3JlYXRlIjoxODAwMDAwMDAwMDAwLCJkZWxldGUiOjE4MDAwMDAwMDAwMDAsInVwZGF0ZSI6MTgwMDAwMDAwMDAwMH0sInNjaGVtYV92ZXJzaW9uIjoiMSJ9",
          "dependencies": [
            "google_container_cluster.kubernetes",
            "google_project_service.kubernetes"
          ]
        }
      ]
    },
    {
      "mode": "managed",
      "type": "google_project_service",
      "name": "kubernetes",
      "provider": "provider.google",
      "instances": [
        {
          "schema_version": 0,
          "attributes": {
            "disable_dependent_services": null,
            "disable_on_destroy": true,
            "id": "otus-268421/container.googleapis.com",
            "project": "otus-268421",
            "service": "container.googleapis.com",
            "timeouts": null
          },
          "private": "eyJlMmJmYjczMC1lY2FhLTExZTYtOGY4OC0zNDM2M2JjN2M0YzAiOnsiY3JlYXRlIjoxMjAwMDAwMDAwMDAwLCJkZWxldGUiOjEyMDAwMDAwMDAwMDAsInJlYWQiOjYwMDAwMDAwMDAwMCwidXBkYXRlIjoxMjAwMDAwMDAwMDAwfX0="
        }
      ]
    }
  ]
}
