{
  "version": 4,
  "terraform_version": "0.12.18",
  "serial": 43,
  "lineage": "2c0a189c-345e-135a-1c70-5eb61c55c5bf",
  "outputs": {},
  "resources": [
    {
      "mode": "managed",
      "type": "google_container_cluster",
      "name": "kubernetes",
      "provider": "provider.google",
      "instances": [
        {
          "schema_version": 1,
          "attributes": {
            "additional_zones": [],
            "addons_config": [
              {
                "horizontal_pod_autoscaling": [],
                "http_load_balancing": [],
                "kubernetes_dashboard": [],
                "network_policy_config": [
                  {
                    "disabled": true
                  }
                ]
              }
            ],
            "authenticator_groups_config": [],
            "cluster_autoscaling": [
              {
                "auto_provisioning_defaults": [],
                "enabled": false,
                "resource_limits": []
              }
            ],
            "cluster_ipv4_cidr": "10.36.0.0/14",
            "default_max_pods_per_node": 110,
            "description": "",
            "enable_binary_authorization": false,
            "enable_intranode_visibility": null,
            "enable_kubernetes_alpha": false,
            "enable_legacy_abac": false,
            "enable_tpu": null,
            "endpoint": "35.228.75.58",
            "id": "projects/otus-268421/locations/europe-north1/clusters/otus-k8s-cluster",
            "initial_node_count": 1,
            "instance_group_urls": [
              "https://www.googleapis.com/compute/v1/projects/otus-268421/zones/europe-north1-a/instanceGroups/gke-otus-k8s-cluster-otus-nodes-d0009a51-grp"
            ],
            "ip_allocation_policy": [],
            "location": "europe-north1",
            "logging_service": "logging.googleapis.com/kubernetes",
            "maintenance_policy": [],
            "master_auth": [
              {
                "client_certificate": "",
                "client_certificate_config": [
                  {
                    "issue_client_certificate": false
                  }
                ],
                "client_key": "",
                "cluster_ca_certificate": "LS0tLS1CRUdJTiBDRVJUSUZJQ0FURS0tLS0tCk1JSURDekNDQWZPZ0F3SUJBZ0lRRDA5ZUY1dFNqOEtaY3c1TFI5aHpOVEFOQmdrcWhraUc5dzBCQVFzRkFEQXYKTVMwd0t3WURWUVFERXlSa09USXdPRGMzT0Mxak9XUTNMVFEzWVRZdFlXUm1NUzB6TlRCaE56aGhaREJtT1RndwpIaGNOTWpBd016STVNVFUwTVRVM1doY05NalV3TXpJNE1UWTBNVFUzV2pBdk1TMHdLd1lEVlFRREV5UmtPVEl3Ck9EYzNPQzFqT1dRM0xUUTNZVFl0WVdSbU1TMHpOVEJoTnpoaFpEQm1PVGd3Z2dFaU1BMEdDU3FHU0liM0RRRUIKQVFVQUE0SUJEd0F3Z2dFS0FvSUJBUURmS0pWVnJaa2JJRmZrV2cwL3BPczFCZ05mazUvbXFNUE5kb1RleTdRQwpaM2lQSXFvSllFZUMzcXBOM1c4REJUUGJKTnpTUHpBNWNVQW0vd1Rid09wRTNtQnM4djZjVHZrVnNmNVhQaWlRCkI2RUZYempFNnZrdk1oMVBiNk9ySkJkVFFSYTN2UWpraE5kUlYvMkJLVStzeE1sZm9mcEhOMEd6Sk9hRnpDNHcKd29oQ3RqV04vekczVEtjZ1FXem1LTmpvMUFMYUsrUFM4a3pKSGlCeU5OdjZBMXFOZWp4SDhLY295NlFRdDdyMApRUHlYaDB6ekdtazRHTzNrWHFNK29uWnJSdVBaNTBzQTk4TDFwTkp6MnNXVGpMWmhneGYxVGdqUDdoK0RHMW1ICmljSlFjSWlUNVRPMTNwUVNlY3JLVW9hUkZ0WEVhbTRpMUtGWGFMMktjN2loQWdNQkFBR2pJekFoTUE0R0ExVWQKRHdFQi93UUVBd0lDQkRBUEJnTlZIUk1CQWY4RUJUQURBUUgvTUEwR0NTcUdTSWIzRFFFQkN3VUFBNElCQVFCQQphdjMzY1ZLNlJ3MTdGU2Iwa2JKTjI2aCtYbGN2VzdKcDd3ekhmQ2xGelVmdXQ4OUxYc2lpTGl0K0JoSzUrZkVXCll5UFFlMEhhTWxvR2VxU09ibG0wcmY2RFJDZVZMMUVLNkRRWHh4VUx1cjYrdFRDN01KMmZNdmlPcUt2ZzJhdUEKc3g4TjNMVG8rbkFoM1JxaTA1Ym0rV3hEcUxDVWZBQ2NZVkFDYnZhNnhBc3MyR0JOR2VWdTJaMlFxeXFZVzdIaQpLVVVJMWM4MTR4UzhaTlIrSGFlZEZFMldlSmJlbFVuMTZtK3VBRzQ5U3FCM1YvMlVkbHg4MEVmZGxBaEZPYmF2CkpxeEg2Q2lkaWwrNm5IQlNMdTlRVXVFTHhMcWtCV0VHZEJBNXk4bSt2VkdVV2F0c1ZhSWlWK09aZnJ4UXJ3UkcKNUtHVDd1RnhtTXRqdWVlSGlrbW4KLS0tLS1FTkQgQ0VSVElGSUNBVEUtLS0tLQo=",
                "password": "",
                "username": ""
              }
            ],
            "master_authorized_networks_config": [],
            "master_version": "1.15.9-gke.26",
            "min_master_version": "1.15.9-gke.26",
            "monitoring_service": "monitoring.googleapis.com/kubernetes",
            "name": "otus-k8s-cluster",
            "network": "projects/otus-268421/global/networks/default",
            "network_policy": [
              {
                "enabled": false,
                "provider": "PROVIDER_UNSPECIFIED"
              }
            ],
            "node_config": [
              {
                "disk_size_gb": 100,
                "disk_type": "pd-standard",
                "guest_accelerator": [],
                "image_type": "COS",
                "labels": {},
                "local_ssd_count": 0,
                "machine_type": "n1-standard-4",
                "metadata": {
                  "disable-legacy-endpoints": "true"
                },
                "min_cpu_platform": "",
                "oauth_scopes": [
                  "https://www.googleapis.com/auth/devstorage.read_only",
                  "https://www.googleapis.com/auth/logging.write",
                  "https://www.googleapis.com/auth/monitoring",
                  "https://www.googleapis.com/auth/monitoring.write"
                ],
                "preemptible": true,
                "sandbox_config": [],
                "service_account": "default",
                "shielded_instance_config": [
                  {
                    "enable_integrity_monitoring": true,
                    "enable_secure_boot": false
                  }
                ],
                "tags": [],
                "taint": [],
                "workload_metadata_config": []
              }
            ],
            "node_locations": [
              "europe-north1-a"
            ],
            "node_pool": [
              {
                "autoscaling": [
                  {
                    "max_node_count": 3,
                    "min_node_count": 1
                  }
                ],
                "initial_node_count": 1,
                "instance_group_urls": [
                  "https://www.googleapis.com/compute/v1/projects/otus-268421/zones/europe-north1-a/instanceGroupManagers/gke-otus-k8s-cluster-otus-nodes-d0009a51-grp"
                ],
                "management": [
                  {
                    "auto_repair": false,
                    "auto_upgrade": true
                  }
                ],
                "max_pods_per_node": 0,
                "name": "otus-nodes",
                "name_prefix": "",
                "node_config": [
                  {
                    "disk_size_gb": 100,
                    "disk_type": "pd-standard",
                    "guest_accelerator": [],
                    "image_type": "COS",
                    "labels": {},
                    "local_ssd_count": 0,
                    "machine_type": "n1-standard-4",
                    "metadata": {
                      "disable-legacy-endpoints": "true"
                    },
                    "min_cpu_platform": "",
                    "oauth_scopes": [
                      "https://www.googleapis.com/auth/devstorage.read_only",
                      "https://www.googleapis.com/auth/logging.write",
                      "https://www.googleapis.com/auth/monitoring",
                      "https://www.googleapis.com/auth/monitoring.write"
                    ],
                    "preemptible": true,
                    "sandbox_config": [],
                    "service_account": "default",
                    "shielded_instance_config": [
                      {
                        "enable_integrity_monitoring": true,
                        "enable_secure_boot": false
                      }
                    ],
                    "tags": [],
                    "taint": [],
                    "workload_metadata_config": []
                  }
                ],
                "node_count": 1,
                "version": "1.15.9-gke.26"
              }
            ],
            "node_version": "1.15.9-gke.26",
            "operation": null,
            "pod_security_policy_config": [],
            "private_cluster_config": [],
            "project": "otus-268421",
            "region": null,
            "remove_default_node_pool": true,
            "resource_labels": {},
            "services_ipv4_cidr": "10.39.240.0/20",
            "subnetwork": "projects/otus-268421/regions/europe-north1/subnetworks/default",
            "timeouts": null,
            "vertical_pod_autoscaling": [],
            "zone": null
          },
          "private": "eyJlMmJmYjczMC1lY2FhLTExZTYtOGY4OC0zNDM2M2JjN2M0YzAiOnsiY3JlYXRlIjoyNDAwMDAwMDAwMDAwLCJkZWxldGUiOjI0MDAwMDAwMDAwMDAsInVwZGF0ZSI6MzYwMDAwMDAwMDAwMH0sInNjaGVtYV92ZXJzaW9uIjoiMSJ9",
          "dependencies": [
            "google_project_service.kubernetes"
          ]
        }
      ]
    },
    {
      "mode": "managed",
      "type": "google_container_node_pool",
      "name": "primary_preemptible_nodes",
      "provider": "provider.google",
      "instances": [
        {
          "schema_version": 1,
          "attributes": {
            "autoscaling": [
              {
                "max_node_count": 3,
                "min_node_count": 1
              }
            ],
            "cluster": "otus-k8s-cluster",
            "id": "projects/otus-268421/locations/europe-north1/clusters/otus-k8s-cluster/nodePools/otus-nodes",
            "initial_node_count": 1,
            "instance_group_urls": [
              "https://www.googleapis.com/compute/v1/projects/otus-268421/zones/europe-north1-a/instanceGroupManagers/gke-otus-k8s-cluster-otus-nodes-68167c1c-grp"
            ],
            "location": "europe-north1",
            "management": [
              {
                "auto_repair": false,
                "auto_upgrade": true
              }
            ],
            "max_pods_per_node": null,
            "name": "otus-nodes",
            "name_prefix": "",
            "node_config": [
              {
                "disk_size_gb": 100,
                "disk_type": "pd-standard",
                "guest_accelerator": [],
                "image_type": "COS",
                "labels": {},
                "local_ssd_count": 0,
                "machine_type": "n1-standard-2",
                "metadata": {
                  "disable-legacy-endpoints": "true"
                },
                "min_cpu_platform": "",
                "oauth_scopes": [
                  "https://www.googleapis.com/auth/devstorage.read_only",
                  "https://www.googleapis.com/auth/monitoring.write"
                ],
                "preemptible": true,
                "sandbox_config": [],
                "service_account": "default",
                "shielded_instance_config": [
                  {
                    "enable_integrity_monitoring": true,
                    "enable_secure_boot": false
                  }
                ],
                "tags": null,
                "taint": [],
                "workload_metadata_config": []
              }
            ],
            "node_count": 1,
            "project": "otus-268421",
            "region": null,
            "timeouts": null,
            "version": "1.15.9-gke.26",
            "zone": null
          },
          "private": "eyJlMmJmYjczMC1lY2FhLTExZTYtOGY4OC0zNDM2M2JjN2M0YzAiOnsiY3JlYXRlIjoxODAwMDAwMDAwMDAwLCJkZWxldGUiOjE4MDAwMDAwMDAwMDAsInVwZGF0ZSI6MTgwMDAwMDAwMDAwMH0sInNjaGVtYV92ZXJzaW9uIjoiMSJ9",
          "dependencies": [
            "google_container_cluster.kubernetes"
          ]
        }
      ]
    },
    {
      "mode": "managed",
      "type": "google_project_service",
      "name": "kubernetes",
      "provider": "provider.google",
      "instances": [
        {
          "schema_version": 0,
          "attributes": {
            "disable_dependent_services": null,
            "disable_on_destroy": true,
            "id": "otus-268421/container.googleapis.com",
            "project": "otus-268421",
            "service": "container.googleapis.com",
            "timeouts": null
          },
          "private": "eyJlMmJmYjczMC1lY2FhLTExZTYtOGY4OC0zNDM2M2JjN2M0YzAiOnsiY3JlYXRlIjoxMjAwMDAwMDAwMDAwLCJkZWxldGUiOjEyMDAwMDAwMDAwMDAsInJlYWQiOjYwMDAwMDAwMDAwMCwidXBkYXRlIjoxMjAwMDAwMDAwMDAwfX0="
        }
      ]
    }
  ]
}
